// !$*UTF8*$!
{
	archiveVersion = 1;
	classes = {
	};
	objectVersion = 50;
	objects = {

/* Begin PBXBuildFile section */
		0F58606920D60BAC0068F6A4 /* silver.png in Resources */ = {isa = PBXBuildFile; fileRef = 0F58606620D60BAC0068F6A4 /* silver.png */; };
		0F58606A20D60BAC0068F6A4 /* bronze.png in Resources */ = {isa = PBXBuildFile; fileRef = 0F58606720D60BAC0068F6A4 /* bronze.png */; };
		0F58606B20D60BAC0068F6A4 /* gold.png in Resources */ = {isa = PBXBuildFile; fileRef = 0F58606820D60BAC0068F6A4 /* gold.png */; };
		0FE7A7F920CEEECB00B34B39 /* AppDelegate.m in Sources */ = {isa = PBXBuildFile; fileRef = 0FE7A7F820CEEECB00B34B39 /* AppDelegate.m */; };
		0FE7A7FC20CEEECB00B34B39 /* ViewController.m in Sources */ = {isa = PBXBuildFile; fileRef = 0FE7A7FB20CEEECB00B34B39 /* ViewController.m */; };
		0FE7A7FF20CEEECB00B34B39 /* Main.storyboard in Resources */ = {isa = PBXBuildFile; fileRef = 0FE7A7FD20CEEECB00B34B39 /* Main.storyboard */; };
		0FE7A80120CEEECC00B34B39 /* Assets.xcassets in Resources */ = {isa = PBXBuildFile; fileRef = 0FE7A80020CEEECC00B34B39 /* Assets.xcassets */; };
		0FE7A80420CEEECC00B34B39 /* LaunchScreen.storyboard in Resources */ = {isa = PBXBuildFile; fileRef = 0FE7A80220CEEECC00B34B39 /* LaunchScreen.storyboard */; };
		0FE7A80720CEEECC00B34B39 /* main.m in Sources */ = {isa = PBXBuildFile; fileRef = 0FE7A80620CEEECC00B34B39 /* main.m */; };
		0FE7A80F20CEF03700B34B39 /* StackViewCellTableViewCell.m in Sources */ = {isa = PBXBuildFile; fileRef = 0FE7A80E20CEF03700B34B39 /* StackViewCellTableViewCell.m */; };
		0FF5CF8B20D1FF0100DC4833 /* userObject.m in Sources */ = {isa = PBXBuildFile; fileRef = 0FF5CF8A20D1FF0100DC4833 /* userObject.m */; };
/* End PBXBuildFile section */

/* Begin PBXFileReference section */
		0F58606620D60BAC0068F6A4 /* silver.png */ = {isa = PBXFileReference; lastKnownFileType = image.png; path = silver.png; sourceTree = "<group>"; };
		0F58606720D60BAC0068F6A4 /* bronze.png */ = {isa = PBXFileReference; lastKnownFileType = image.png; path = bronze.png; sourceTree = "<group>"; };
		0F58606820D60BAC0068F6A4 /* gold.png */ = {isa = PBXFileReference; lastKnownFileType = image.png; path = gold.png; sourceTree = "<group>"; };
		0FE7A7F420CEEECB00B34B39 /* Wag Take-Home.app */ = {isa = PBXFileReference; explicitFileType = wrapper.application; includeInIndex = 0; path = "Wag Take-Home.app"; sourceTree = BUILT_PRODUCTS_DIR; };
		0FE7A7F720CEEECB00B34B39 /* AppDelegate.h */ = {isa = PBXFileReference; lastKnownFileType = sourcecode.c.h; path = AppDelegate.h; sourceTree = "<group>"; };
		0FE7A7F820CEEECB00B34B39 /* AppDelegate.m */ = {isa = PBXFileReference; lastKnownFileType = sourcecode.c.objc; path = AppDelegate.m; sourceTree = "<group>"; };
		0FE7A7FA20CEEECB00B34B39 /* ViewController.h */ = {isa = PBXFileReference; lastKnownFileType = sourcecode.c.h; path = ViewController.h; sourceTree = "<group>"; };
		0FE7A7FB20CEEECB00B34B39 /* ViewController.m */ = {isa = PBXFileReference; lastKnownFileType = sourcecode.c.objc; path = ViewController.m; sourceTree = "<group>"; };
		0FE7A7FE20CEEECB00B34B39 /* Base */ = {isa = PBXFileReference; lastKnownFileType = file.storyboard; name = Base; path = Base.lproj/Main.storyboard; sourceTree = "<group>"; };
		0FE7A80020CEEECC00B34B39 /* Assets.xcassets */ = {isa = PBXFileReference; lastKnownFileType = folder.assetcatalog; path = Assets.xcassets; sourceTree = "<group>"; };
		0FE7A80320CEEECC00B34B39 /* Base */ = {isa = PBXFileReference; lastKnownFileType = file.storyboard; name = Base; path = Base.lproj/LaunchScreen.storyboard; sourceTree = "<group>"; };
		0FE7A80520CEEECC00B34B39 /* Info.plist */ = {isa = PBXFileReference; lastKnownFileType = text.plist.xml; path = Info.plist; sourceTree = "<group>"; };
		0FE7A80620CEEECC00B34B39 /* main.m */ = {isa = PBXFileReference; lastKnownFileType = sourcecode.c.objc; path = main.m; sourceTree = "<group>"; };
		0FE7A80D20CEF03700B34B39 /* StackViewCellTableViewCell.h */ = {isa = PBXFileReference; lastKnownFileType = sourcecode.c.h; path = StackViewCellTableViewCell.h; sourceTree = "<group>"; };
		0FE7A80E20CEF03700B34B39 /* StackViewCellTableViewCell.m */ = {isa = PBXFileReference; lastKnownFileType = sourcecode.c.objc; path = StackViewCellTableViewCell.m; sourceTree = "<group>"; };
		0FF5CF8A20D1FF0100DC4833 /* userObject.m */ = {isa = PBXFileReference; lastKnownFileType = sourcecode.c.objc; path = userObject.m; sourceTree = "<group>"; };
		0FF5CF8C20D1FF0C00DC4833 /* userObject.h */ = {isa = PBXFileReference; lastKnownFileType = sourcecode.c.h; path = userObject.h; sourceTree = "<group>"; };
/* End PBXFileReference section */

/* Begin PBXFrameworksBuildPhase section */
		0FE7A7F120CEEECB00B34B39 /* Frameworks */ = {
			isa = PBXFrameworksBuildPhase;
			buildActionMask = 2147483647;
			files = (
			);
			runOnlyForDeploymentPostprocessing = 0;
		};
/* End PBXFrameworksBuildPhase section */

/* Begin PBXGroup section */
		0FA26B9A20D3317D0003A5E2 /* Profile-Images */ = {
			isa = PBXGroup;
			children = (
			);
			path = "Profile-Images";
			sourceTree = "<group>";
		};
		0FE7A7EB20CEEECB00B34B39 = {
			isa = PBXGroup;
			children = (
				0FE7A7F620CEEECB00B34B39 /* Wag Take-Home */,
				0FE7A7F520CEEECB00B34B39 /* Products */,
			);
			sourceTree = "<group>";
		};
		0FE7A7F520CEEECB00B34B39 /* Products */ = {
			isa = PBXGroup;
			children = (
				0FE7A7F420CEEECB00B34B39 /* Wag Take-Home.app */,
			);
			name = Products;
			sourceTree = "<group>";
		};
		0FE7A7F620CEEECB00B34B39 /* Wag Take-Home */ = {
			isa = PBXGroup;
			children = (
				0FE7A7F720CEEECB00B34B39 /* AppDelegate.h */,
				0FE7A7F820CEEECB00B34B39 /* AppDelegate.m */,
				0FE7A7FA20CEEECB00B34B39 /* ViewController.h */,
				0FE7A7FB20CEEECB00B34B39 /* ViewController.m */,
				0FF5CF8C20D1FF0C00DC4833 /* userObject.h */,
				0FF5CF8A20D1FF0100DC4833 /* userObject.m */,
				0FE7A80D20CEF03700B34B39 /* StackViewCellTableViewCell.h */,
				0FE7A80E20CEF03700B34B39 /* StackViewCellTableViewCell.m */,
				0FE7A7FD20CEEECB00B34B39 /* Main.storyboard */,
				0FA26B9A20D3317D0003A5E2 /* Profile-Images */,
				0F58606720D60BAC0068F6A4 /* bronze.png */,
				0F58606820D60BAC0068F6A4 /* gold.png */,
				0F58606620D60BAC0068F6A4 /* silver.png */,
				0FE7A80020CEEECC00B34B39 /* Assets.xcassets */,
				0FE7A80220CEEECC00B34B39 /* LaunchScreen.storyboard */,
				0FE7A80520CEEECC00B34B39 /* Info.plist */,
				0FE7A80620CEEECC00B34B39 /* main.m */,
			);
			path = "Wag Take-Home";
			sourceTree = "<group>";
		};
/* End PBXGroup section */

/* Begin PBXNativeTarget section */
		0FE7A7F320CEEECB00B34B39 /* Wag Take-Home */ = {
			isa = PBXNativeTarget;
			buildConfigurationList = 0FE7A80A20CEEECC00B34B39 /* Build configuration list for PBXNativeTarget "Wag Take-Home" */;
			buildPhases = (
				0FE7A7F020CEEECB00B34B39 /* Sources */,
				0FE7A7F120CEEECB00B34B39 /* Frameworks */,
				0FE7A7F220CEEECB00B34B39 /* Resources */,
			);
			buildRules = (
			);
			dependencies = (
			);
			name = "Wag Take-Home";
			productName = "Wag Take-Home";
			productReference = 0FE7A7F420CEEECB00B34B39 /* Wag Take-Home.app */;
			productType = "com.apple.product-type.application";
		};
/* End PBXNativeTarget section */

/* Begin PBXProject section */
		0FE7A7EC20CEEECB00B34B39 /* Project object */ = {
			isa = PBXProject;
			attributes = {
				LastUpgradeCheck = 0940;
				ORGANIZATIONNAME = jamestouri;
				TargetAttributes = {
					0FE7A7F320CEEECB00B34B39 = {
						CreatedOnToolsVersion = 9.4;
					};
				};
			};
			buildConfigurationList = 0FE7A7EF20CEEECB00B34B39 /* Build configuration list for PBXProject "Wag Take-Home" */;
			compatibilityVersion = "Xcode 9.3";
			developmentRegion = en;
			hasScannedForEncodings = 0;
			knownRegions = (
				en,
				Base,
			);
			mainGroup = 0FE7A7EB20CEEECB00B34B39;
			productRefGroup = 0FE7A7F520CEEECB00B34B39 /* Products */;
			projectDirPath = "";
			projectRoot = "";
			targets = (
				0FE7A7F320CEEECB00B34B39 /* Wag Take-Home */,
			);
		};
/* End PBXProject section */

/* Begin PBXResourcesBuildPhase section */
		0FE7A7F220CEEECB00B34B39 /* Resources */ = {
			isa = PBXResourcesBuildPhase;
			buildActionMask = 2147483647;
			files = (
				0F58606A20D60BAC0068F6A4 /* bronze.png in Resources */,
				0FE7A80420CEEECC00B34B39 /* LaunchScreen.storyboard in Resources */,
				0FE7A80120CEEECC00B34B39 /* Assets.xcassets in Resources */,
				0F58606920D60BAC0068F6A4 /* silver.png in Resources */,
				0FE7A7FF20CEEECB00B34B39 /* Main.storyboard in Resources */,
				0F58606B20D60BAC0068F6A4 /* gold.png in Resources */,
			);
			runOnlyForDeploymentPostprocessing = 0;
		};
/* End PBXResourcesBuildPhase section */

/* Begin PBXSourcesBuildPhase section */
		0FE7A7F020CEEECB00B34B39 /* Sources */ = {
			isa = PBXSourcesBuildPhase;
			buildActionMask = 2147483647;
			files = (
				0FE7A7FC20CEEECB00B34B39 /* ViewController.m in Sources */,
				0FE7A80720CEEECC00B34B39 /* main.m in Sources */,
				0FE7A7F920CEEECB00B34B39 /* AppDelegate.m in Sources */,
				0FE7A80F20CEF03700B34B39 /* StackViewCellTableViewCell.m in Sources */,
				0FF5CF8B20D1FF0100DC4833 /* userObject.m in Sources */,
			);
			runOnlyForDeploymentPostprocessing = 0;
		};
/* End PBXSourcesBuildPhase section */

/* Begin PBXVariantGroup section */
		0FE7A7FD20CEEECB00B34B39 /* Main.storyboard */ = {
			isa = PBXVariantGroup;
			children = (
				0FE7A7FE20CEEECB00B34B39 /* Base */,
			);
			name = Main.storyboard;
			sourceTree = "<group>";
		};
		0FE7A80220CEEECC00B34B39 /* LaunchScreen.storyboard */ = {
			isa = PBXVariantGroup;
			children = (
				0FE7A80320CEEECC00B34B39 /* Base */,
			);
			name = LaunchScreen.storyboard;
			sourceTree = "<group>";
		};
/* End PBXVariantGroup section */

/* Begin XCBuildConfiguration section */
		0FE7A80820CEEECC00B34B39 /* Debug */ = {
			isa = XCBuildConfiguration;
			buildSettings = {
				ALWAYS_SEARCH_USER_PATHS = NO;
				CLANG_ANALYZER_NONNULL = YES;
				CLANG_ANALYZER_NUMBER_OBJECT_CONVERSION = YES_AGGRESSIVE;
				CLANG_CXX_LANGUAGE_STANDARD = "gnu++14";
				CLANG_CXX_LIBRARY = "libc++";
				CLANG_ENABLE_MODULES = YES;
				CLANG_ENABLE_OBJC_ARC = YES;
				CLANG_ENABLE_OBJC_WEAK = YES;
				CLANG_WARN_BLOCK_CAPTURE_AUTORELEASING = YES;
				CLANG_WARN_BOOL_CONVERSION = YES;
				CLANG_WARN_COMMA = YES;
				CLANG_WARN_CONSTANT_CONVERSION = YES;
				CLANG_WARN_DEPRECATED_OBJC_IMPLEMENTATIONS = YES;
				CLANG_WARN_DIRECT_OBJC_ISA_USAGE = YES_ERROR;
				CLANG_WARN_DOCUMENTATION_COMMENTS = YES;
				CLANG_WARN_EMPTY_BODY = YES;
				CLANG_WARN_ENUM_CONVERSION = YES;
				CLANG_WARN_INFINITE_RECURSION = YES;
				CLANG_WARN_INT_CONVERSION = YES;
				CLANG_WARN_NON_LITERAL_NULL_CONVERSION = YES;
				CLANG_WARN_OBJC_IMPLICIT_RETAIN_SELF = YES;
				CLANG_WARN_OBJC_LITERAL_CONVERSION = YES;
				CLANG_WARN_OBJC_ROOT_CLASS = YES_ERROR;
				CLANG_WARN_RANGE_LOOP_ANALYSIS = YES;
				CLANG_WARN_STRICT_PROTOTYPES = YES;
				CLANG_WARN_SUSPICIOUS_MOVE = YES;
				CLANG_WARN_UNGUARDED_AVAILABILITY = YES_AGGRESSIVE;
				CLANG_WARN_UNREACHABLE_CODE = YES;
				CLANG_WARN__DUPLICATE_METHOD_MATCH = YES;
				CODE_SIGN_IDENTITY = "iPhone Developer";
				COPY_PHASE_STRIP = NO;
				DEBUG_INFORMATION_FORMAT = dwarf;
				ENABLE_STRICT_OBJC_MSGSEND = YES;
				ENABLE_TESTABILITY = YES;
				GCC_C_LANGUAGE_STANDARD = gnu11;
				GCC_DYNAMIC_NO_PIC = NO;
				GCC_NO_COMMON_BLOCKS = YES;
				GCC_OPTIMIZATION_LEVEL = 0;
				GCC_PREPROCESSOR_DEFINITIONS = (
					"DEBUG=1",
					"$(inherited)",
				);
				GCC_WARN_64_TO_32_BIT_CONVERSION = YES;
				GCC_WARN_ABOUT_RETURN_TYPE = YES_ERROR;
				GCC_WARN_UNDECLARED_SELECTOR = YES;
				GCC_WARN_UNINITIALIZED_AUTOS = YES_AGGRESSIVE;
				GCC_WARN_UNUSED_FUNCTION = YES;
				GCC_WARN_UNUSED_VARIABLE = YES;
				IPHONEOS_DEPLOYMENT_TARGET = 11.4;
				MTL_ENABLE_DEBUG_INFO = YES;
				ONLY_ACTIVE_ARCH = YES;
				SDKROOT = iphoneos;
			};
			name = Debug;
		};
		0FE7A80920CEEECC00B34B39 /* Release */ = {
			isa = XCBuildConfiguration;
			buildSettings = {
				ALWAYS_SEARCH_USER_PATHS = NO;
				CLANG_ANALYZER_NONNULL = YES;
				CLANG_ANALYZER_NUMBER_OBJECT_CONVERSION = YES_AGGRESSIVE;
				CLANG_CXX_LANGUAGE_STANDARD = "gnu++14";
				CLANG_CXX_LIBRARY = "libc++";
				CLANG_ENABLE_MODULES = YES;
				CLANG_ENABLE_OBJC_ARC = YES;
				CLANG_ENABLE_OBJC_WEAK = YES;
				CLANG_WARN_BLOCK_CAPTURE_AUTORELEASING = YES;
				CLANG_WARN_BOOL_CONVERSION = YES;
				CLANG_WARN_COMMA = YES;
				CLANG_WARN_CONSTANT_CONVERSION = YES;
				CLANG_WARN_DEPRECATED_OBJC_IMPLEMENTATIONS = YES;
				CLANG_WARN_DIRECT_OBJC_ISA_USAGE = YES_ERROR;
				CLANG_WARN_DOCUMENTATION_COMMENTS = YES;
				CLANG_WARN_EMPTY_BODY = YES;
				CLANG_WARN_ENUM_CONVERSION = YES;
				CLANG_WARN_INFINITE_RECURSION = YES;
				CLANG_WARN_INT_CONVERSION = YES;
				CLANG_WARN_NON_LITERAL_NULL_CONVERSION = YES;
				CLANG_WARN_OBJC_IMPLICIT_RETAIN_SELF = YES;
				CLANG_WARN_OBJC_LITERAL_CONVERSION = YES;
				CLANG_WARN_OBJC_ROOT_CLASS = YES_ERROR;
				CLANG_WARN_RANGE_LOOP_ANALYSIS = YES;
				CLANG_WARN_STRICT_PROTOTYPES = YES;
				CLANG_WARN_SUSPICIOUS_MOVE = YES;
				CLANG_WARN_UNGUARDED_AVAILABILITY = YES_AGGRESSIVE;
				CLANG_WARN_UNREACHABLE_CODE = YES;
				CLANG_WARN__DUPLICATE_METHOD_MATCH = YES;
				CODE_SIGN_IDENTITY = "iPhone Developer";
				COPY_PHASE_STRIP = NO;
				DEBUG_INFORMATION_FORMAT = "dwarf-with-dsym";
				ENABLE_NS_ASSERTIONS = NO;
				ENABLE_STRICT_OBJC_MSGSEND = YES;
				GCC_C_LANGUAGE_STANDARD = gnu11;
				GCC_NO_COMMON_BLOCKS = YES;
				GCC_WARN_64_TO_32_BIT_CONVERSION = YES;
				GCC_WARN_ABOUT_RETURN_TYPE = YES_ERROR;
				GCC_WARN_UNDECLARED_SELECTOR = YES;
				GCC_WARN_UNINITIALIZED_AUTOS = YES_AGGRESSIVE;
				GCC_WARN_UNUSED_FUNCTION = YES;
				GCC_WARN_UNUSED_VARIABLE = YES;
				IPHONEOS_DEPLOYMENT_TARGET = 11.4;
				MTL_ENABLE_DEBUG_INFO = NO;
				SDKROOT = iphoneos;
				VALIDATE_PRODUCT = YES;
			};
			name = Release;
		};
		0FE7A80B20CEEECC00B34B39 /* Debug */ = {
			isa = XCBuildConfiguration;
			buildSettings = {
				ASSETCATALOG_COMPILER_APPICON_NAME = AppIcon;
				CODE_SIGN_STYLE = Automatic;
				DEVELOPMENT_TEAM = 5Q3EAA7695;
				INFOPLIST_FILE = "Wag Take-Home/Info.plist";
				LD_RUNPATH_SEARCH_PATHS = (
					"$(inherited)",
					"@executable_path/Frameworks",
				);
				PRODUCT_BUNDLE_IDENTIFIER = "jamestouri.Wag-Take-Home";
				PRODUCT_NAME = "$(TARGET_NAME)";
				TARGETED_DEVICE_FAMILY = "1,2";
			};
			name = Debug;
		};
		0FE7A80C20CEEECC00B34B39 /* Release */ = {
			isa = XCBuildConfiguration;
			buildSettings = {
				ASSETCATALOG_COMPILER_APPICON_NAME = AppIcon;
				CODE_SIGN_STYLE = Automatic;
				DEVELOPMENT_TEAM = 5Q3EAA7695;
				INFOPLIST_FILE = "Wag Take-Home/Info.plist";
				LD_RUNPATH_SEARCH_PATHS = (
					"$(inherited)",
					"@executable_path/Frameworks",
				);
				PRODUCT_BUNDLE_IDENTIFIER = "jamestouri.Wag-Take-Home";
				PRODUCT_NAME = "$(TARGET_NAME)";
				TARGETED_DEVICE_FAMILY = "1,2";
			};
			name = Release;
		};
/* End XCBuildConfiguration section */

/* Begin XCConfigurationList section */
		0FE7A7EF20CEEECB00B34B39 /* Build configuration list for PBXProject "Wag Take-Home" */ = {
			isa = XCConfigurationList;
			buildConfigurations = (
				0FE7A80820CEEECC00B34B39 /* Debug */,
				0FE7A80920CEEECC00B34B39 /* Release */,
			);
			defaultConfigurationIsVisible = 0;
			defaultConfigurationName = Release;
		};
		0FE7A80A20CEEECC00B34B39 /* Build configuration list for PBXNativeTarget "Wag Take-Home" */ = {
			isa = XCConfigurationList;
			buildConfigurations = (
				0FE7A80B20CEEECC00B34B39 /* Debug */,
				0FE7A80C20CEEECC00B34B39 /* Release */,
			);
			defaultConfigurationIsVisible = 0;
			defaultConfigurationName = Release;
		};
/* End XCConfigurationList section */
	};
	rootObject = 0FE7A7EC20CEEECB00B34B39 /* Project object */;
}
